schema: '2.0'
stages:
  train_atoms_6:
    cmd: "python3 -c \"from znlib.atomistic.ase import FileToASE; FileToASE.load(name='train_atoms_6').run_and_save()\"\
      \ "
    deps:
    - path: configurations/training_738.extxyz
      md5: 333fbbf0bc8eee9edfdb7a9a7d0456e8
      size: 31637
    params:
      params.yaml:
        train_atoms_6:
          frames_to_read:
    outs:
    - path: nodes/train_atoms_6/atoms.db
      md5: b00e0f5391d31f8a009681ab09854f11
      size: 81920
  train_atoms_3:
    cmd: "python3 -c \"from znlib.atomistic.ase import FileToASE; FileToASE.load(name='train_atoms_3').run_and_save()\"\
      \ "
    deps:
    - path: configurations/training_302.extxyz
      md5: d846379b37fe2f247e22725cca091962
      size: 31633
    params:
      params.yaml:
        train_atoms_3:
          frames_to_read:
    outs:
    - path: nodes/train_atoms_3/atoms.db
      md5: f6d6e94f6ef4049cc7b0767900e998b8
      size: 81920
  train_atoms_0:
    cmd: "python3 -c \"from znlib.atomistic.ase import FileToASE; FileToASE.load(name='train_atoms_0').run_and_save()\"\
      \ "
    deps:
    - path: configurations/training_750.extxyz
      md5: 5a7291cabbf811fc12c97f76c3750f83
      size: 31637
    params:
      params.yaml:
        train_atoms_0:
          frames_to_read:
    outs:
    - path: nodes/train_atoms_0/atoms.db
      md5: d350643757a3b2a35a4fc70b8a3c371a
      size: 81920
  train_atoms_4:
    cmd: "python3 -c \"from znlib.atomistic.ase import FileToASE; FileToASE.load(name='train_atoms_4').run_and_save()\"\
      \ "
    deps:
    - path: configurations/training_212.extxyz
      md5: 31ad08378ea98db60b32472798f44016
      size: 31633
    params:
      params.yaml:
        train_atoms_4:
          frames_to_read:
    outs:
    - path: nodes/train_atoms_4/atoms.db
      md5: d54fb680b5fc37efb86c122d3060e307
      size: 81920
  train_atoms_1:
    cmd: "python3 -c \"from znlib.atomistic.ase import FileToASE; FileToASE.load(name='train_atoms_1').run_and_save()\"\
      \ "
    deps:
    - path: configurations/training_027.extxyz
      md5: 35e791ab60fdf15c7d93a01e13679973
      size: 31636
    params:
      params.yaml:
        train_atoms_1:
          frames_to_read:
    outs:
    - path: nodes/train_atoms_1/atoms.db
      md5: 2f4c302adb785bf820f77ef82a231b53
      size: 81920
  train_cp2k_0:
    cmd: "python3 -c \"from znlib.atomistic.cp2k import CP2KNode; CP2KNode.load(name='train_cp2k_0').run_and_save()\"\
      \ "
    deps:
    - path: BASIS_SET
      md5: a4d2d2b3cec0beb7cb83ceb29dfdc76a
      size: 193663
    - path: GTH_POTENTIALS
      md5: 3a35b03b26b8ba5cf6c1d849dba11f15
      size: 128982
    - path: nodes/train_atoms_0/atoms.db
      md5: d350643757a3b2a35a4fc70b8a3c371a
      size: 81920
    params:
      cp2k.yaml:
        force_eval:
          DFT:
            mgrid:
              cutoff: 1800.0
              rel_cutoff: 120.0
              ngrids: 5
            QS:
              eps_filter_matrix: 0.0
              eps_pgf_orb: 0.0001
            SCF:
              OT:
                minimizer: diis
                preconditioner: full_single_inverse
              outer_scf:
                max_scf: 100
                eps_scf: 1e-06
              scf_guess: restart
              max_scf: 100
              eps_scf: 1e-06
            XC:
              xc_functional:
                becke97:
                  scale_c: 1.0
                  scale_x: 1.0
              vdw_potential:
                pair_potential:
                  type: dftd3(bj)
                  parameter_file_name: dftd3.dat
                  reference_functional: B97-3c
                  r_cutoff: 7.93766
                  calculate_c9_term: true
                  short_range_correction: true
                potential_type: pair_potential
            charge: 0
            basis_set_file_name: GTH_BASIS_SETS
            potential_file_name: GTH_POTENTIALS
          subsys:
            kind:
              N:
                basis_set: TZVP-GTH-q5
                potential: GTH-PBE-q5
              C:
                basis_set: TZVP-GTH-q4
                potential: GTH-PBE-q4
              H:
                basis_set: TZVP-GTH-q1
                potential: GTH-PBE-q1
              B:
                basis_set: TZVP-GTH-q3
                potential: GTH-PBE-q3
              F:
                basis_set: TZVP-GTH-q7
                potential: GTH-PBE-q7
    outs:
    - path: nodes/train_cp2k_0/cp2k
      md5: 5af82e6d6cdffd1df02f351431ccdfa9.dir
      size: 24643303
      nfiles: 4
    - path: nodes/train_cp2k_0/outputs.db
      md5: 4f9d31561ed6d4ca9655d67132a7042e
      size: 86016
  train_cp2k_1:
    cmd: "python3 -c \"from znlib.atomistic.cp2k import CP2KNode; CP2KNode.load(name='train_cp2k_1').run_and_save()\"\
      \ "
    deps:
    - path: BASIS_SET
      md5: a4d2d2b3cec0beb7cb83ceb29dfdc76a
      size: 193663
    - path: GTH_POTENTIALS
      md5: 3a35b03b26b8ba5cf6c1d849dba11f15
      size: 128982
    - path: nodes/train_atoms_1/atoms.db
      md5: 2f4c302adb785bf820f77ef82a231b53
      size: 81920
    - path: nodes/train_cp2k_0/cp2k/cp2k-RESTART.wfn
      md5: 85a3e509a55e495240212506ed3b3ea2
      size: 12172644
    params:
      cp2k.yaml:
        force_eval:
          DFT:
            mgrid:
              cutoff: 1800.0
              rel_cutoff: 120.0
              ngrids: 5
            QS:
              eps_filter_matrix: 0.0
              eps_pgf_orb: 0.0001
            SCF:
              OT:
                minimizer: diis
                preconditioner: full_single_inverse
              outer_scf:
                max_scf: 100
                eps_scf: 1e-06
              scf_guess: restart
              max_scf: 100
              eps_scf: 1e-06
            XC:
              xc_functional:
                becke97:
                  scale_c: 1.0
                  scale_x: 1.0
              vdw_potential:
                pair_potential:
                  type: dftd3(bj)
                  parameter_file_name: dftd3.dat
                  reference_functional: B97-3c
                  r_cutoff: 7.93766
                  calculate_c9_term: true
                  short_range_correction: true
                potential_type: pair_potential
            charge: 0
            basis_set_file_name: GTH_BASIS_SETS
            potential_file_name: GTH_POTENTIALS
          subsys:
            kind:
              N:
                basis_set: TZVP-GTH-q5
                potential: GTH-PBE-q5
              C:
                basis_set: TZVP-GTH-q4
                potential: GTH-PBE-q4
              H:
                basis_set: TZVP-GTH-q1
                potential: GTH-PBE-q1
              B:
                basis_set: TZVP-GTH-q3
                potential: GTH-PBE-q3
              F:
                basis_set: TZVP-GTH-q7
                potential: GTH-PBE-q7
    outs:
    - path: nodes/train_cp2k_1/cp2k
      md5: 301df7e1ac1093d5287642cb080059f7.dir
      size: 48876105
      nfiles: 6
    - path: nodes/train_cp2k_1/outputs.db
      md5: b615d113f6e5e6dc4943cd2407fe2604
      size: 86016
  train_cp2k_4:
    cmd: "python3 -c \"from znlib.atomistic.cp2k import CP2KNode; CP2KNode.load(name='train_cp2k_4').run_and_save()\"\
      \ "
    deps:
    - path: BASIS_SET
      md5: a4d2d2b3cec0beb7cb83ceb29dfdc76a
      size: 193663
    - path: GTH_POTENTIALS
      md5: 3a35b03b26b8ba5cf6c1d849dba11f15
      size: 128982
    - path: nodes/train_atoms_4/atoms.db
      md5: d54fb680b5fc37efb86c122d3060e307
      size: 81920
    - path: nodes/train_cp2k_0/cp2k/cp2k-RESTART.wfn
      md5: 85a3e509a55e495240212506ed3b3ea2
      size: 12172644
    params:
      cp2k.yaml:
        force_eval:
          DFT:
            mgrid:
              cutoff: 1800.0
              rel_cutoff: 120.0
              ngrids: 5
            QS:
              eps_filter_matrix: 0.0
              eps_pgf_orb: 0.0001
            SCF:
              OT:
                minimizer: diis
                preconditioner: full_single_inverse
              outer_scf:
                max_scf: 100
                eps_scf: 1e-06
              scf_guess: restart
              max_scf: 100
              eps_scf: 1e-06
            XC:
              xc_functional:
                becke97:
                  scale_c: 1.0
                  scale_x: 1.0
              vdw_potential:
                pair_potential:
                  type: dftd3(bj)
                  parameter_file_name: dftd3.dat
                  reference_functional: B97-3c
                  r_cutoff: 7.93766
                  calculate_c9_term: true
                  short_range_correction: true
                potential_type: pair_potential
            charge: 0
            basis_set_file_name: GTH_BASIS_SETS
            potential_file_name: GTH_POTENTIALS
          subsys:
            kind:
              N:
                basis_set: TZVP-GTH-q5
                potential: GTH-PBE-q5
              C:
                basis_set: TZVP-GTH-q4
                potential: GTH-PBE-q4
              H:
                basis_set: TZVP-GTH-q1
                potential: GTH-PBE-q1
              B:
                basis_set: TZVP-GTH-q3
                potential: GTH-PBE-q3
              F:
                basis_set: TZVP-GTH-q7
                potential: GTH-PBE-q7
    outs:
    - path: nodes/train_cp2k_4/cp2k
      md5: b0cded45bd7e2f4b0fda222cd9f88ccb.dir
      size: 48887597
      nfiles: 6
    - path: nodes/train_cp2k_4/outputs.db
      md5: 440061f765c04457ad1256df60aa958c
      size: 86016
  train_cp2k_3:
    cmd: "python3 -c \"from znlib.atomistic.cp2k import CP2KNode; CP2KNode.load(name='train_cp2k_3').run_and_save()\"\
      \ "
    deps:
    - path: BASIS_SET
      md5: a4d2d2b3cec0beb7cb83ceb29dfdc76a
      size: 193663
    - path: GTH_POTENTIALS
      md5: 3a35b03b26b8ba5cf6c1d849dba11f15
      size: 128982
    - path: nodes/train_atoms_3/atoms.db
      md5: f6d6e94f6ef4049cc7b0767900e998b8
      size: 81920
    - path: nodes/train_cp2k_0/cp2k/cp2k-RESTART.wfn
      md5: 85a3e509a55e495240212506ed3b3ea2
      size: 12172644
    params:
      cp2k.yaml:
        force_eval:
          DFT:
            mgrid:
              cutoff: 1800.0
              rel_cutoff: 120.0
              ngrids: 5
            QS:
              eps_filter_matrix: 0.0
              eps_pgf_orb: 0.0001
            SCF:
              OT:
                minimizer: diis
                preconditioner: full_single_inverse
              outer_scf:
                max_scf: 100
                eps_scf: 1e-06
              scf_guess: restart
              max_scf: 100
              eps_scf: 1e-06
            XC:
              xc_functional:
                becke97:
                  scale_c: 1.0
                  scale_x: 1.0
              vdw_potential:
                pair_potential:
                  type: dftd3(bj)
                  parameter_file_name: dftd3.dat
                  reference_functional: B97-3c
                  r_cutoff: 7.93766
                  calculate_c9_term: true
                  short_range_correction: true
                potential_type: pair_potential
            charge: 0
            basis_set_file_name: GTH_BASIS_SETS
            potential_file_name: GTH_POTENTIALS
          subsys:
            kind:
              N:
                basis_set: TZVP-GTH-q5
                potential: GTH-PBE-q5
              C:
                basis_set: TZVP-GTH-q4
                potential: GTH-PBE-q4
              H:
                basis_set: TZVP-GTH-q1
                potential: GTH-PBE-q1
              B:
                basis_set: TZVP-GTH-q3
                potential: GTH-PBE-q3
              F:
                basis_set: TZVP-GTH-q7
                potential: GTH-PBE-q7
    outs:
    - path: nodes/train_cp2k_3/cp2k
      md5: 2fe792afea68b2681817ae83f67d2f4f.dir
      size: 48887770
      nfiles: 6
    - path: nodes/train_cp2k_3/outputs.db
      md5: ea46c52603351fb6238fd4be804778dd
      size: 86016
  train_atoms_5:
    cmd: "python3 -c \"from znlib.atomistic.ase import FileToASE; FileToASE.load(name='train_atoms_5').run_and_save()\"\
      \ "
    deps:
    - path: configurations/training_780.extxyz
      md5: 4fe286d19f7250430e680bae2eb1866c
      size: 31636
    params:
      params.yaml:
        train_atoms_5:
          frames_to_read:
    outs:
    - path: nodes/train_atoms_5/atoms.db
      md5: 21724c4305e8777990e83fe9ee075f54
      size: 81920
  train_atoms_2:
    cmd: "python3 -c \"from znlib.atomistic.ase import FileToASE; FileToASE.load(name='train_atoms_2').run_and_save()\"\
      \ "
    deps:
    - path: configurations/training_623.extxyz
      md5: 3afb830794afc51c5d88c1c7294fa58a
      size: 31637
    params:
      params.yaml:
        train_atoms_2:
          frames_to_read:
    outs:
    - path: nodes/train_atoms_2/atoms.db
      md5: 09a85b6dab4df89dc7156675bdf383b0
      size: 81920
  train_cp2k_2:
    cmd: "python3 -c \"from znlib.atomistic.cp2k import CP2KNode; CP2KNode.load(name='train_cp2k_2').run_and_save()\"\
      \ "
    deps:
    - path: BASIS_SET
      md5: a4d2d2b3cec0beb7cb83ceb29dfdc76a
      size: 193663
    - path: GTH_POTENTIALS
      md5: 3a35b03b26b8ba5cf6c1d849dba11f15
      size: 128982
    - path: nodes/train_atoms_2/atoms.db
      md5: 09a85b6dab4df89dc7156675bdf383b0
      size: 81920
    - path: nodes/train_cp2k_0/cp2k/cp2k-RESTART.wfn
      md5: 85a3e509a55e495240212506ed3b3ea2
      size: 12172644
    params:
      cp2k.yaml:
        force_eval:
          DFT:
            mgrid:
              cutoff: 1800.0
              rel_cutoff: 120.0
              ngrids: 5
            QS:
              eps_filter_matrix: 0.0
              eps_pgf_orb: 0.0001
            SCF:
              OT:
                minimizer: diis
                preconditioner: full_single_inverse
              outer_scf:
                max_scf: 100
                eps_scf: 1e-06
              scf_guess: restart
              max_scf: 100
              eps_scf: 1e-06
            XC:
              xc_functional:
                becke97:
                  scale_c: 1.0
                  scale_x: 1.0
              vdw_potential:
                pair_potential:
                  type: dftd3(bj)
                  parameter_file_name: dftd3.dat
                  reference_functional: B97-3c
                  r_cutoff: 7.93766
                  calculate_c9_term: true
                  short_range_correction: true
                potential_type: pair_potential
            charge: 0
            basis_set_file_name: GTH_BASIS_SETS
            potential_file_name: GTH_POTENTIALS
          subsys:
            kind:
              N:
                basis_set: TZVP-GTH-q5
                potential: GTH-PBE-q5
              C:
                basis_set: TZVP-GTH-q4
                potential: GTH-PBE-q4
              H:
                basis_set: TZVP-GTH-q1
                potential: GTH-PBE-q1
              B:
                basis_set: TZVP-GTH-q3
                potential: GTH-PBE-q3
              F:
                basis_set: TZVP-GTH-q7
                potential: GTH-PBE-q7
    outs:
    - path: nodes/train_cp2k_2/cp2k
      md5: b5fc7b0cae9526fefcac4d039bd70305.dir
      size: 48876042
      nfiles: 6
    - path: nodes/train_cp2k_2/outputs.db
      md5: cabd7d0d5be1f2570e003a0a1fefdf93
      size: 86016
  train_cp2k_6:
    cmd: "python3 -c \"from znlib.atomistic.cp2k import CP2KNode; CP2KNode.load(name='train_cp2k_6').run_and_save()\"\
      \ "
    deps:
    - path: BASIS_SET
      md5: a4d2d2b3cec0beb7cb83ceb29dfdc76a
      size: 193663
    - path: GTH_POTENTIALS
      md5: 3a35b03b26b8ba5cf6c1d849dba11f15
      size: 128982
    - path: nodes/train_atoms_6/atoms.db
      md5: b00e0f5391d31f8a009681ab09854f11
      size: 81920
    - path: nodes/train_cp2k_0/cp2k/cp2k-RESTART.wfn
      md5: 85a3e509a55e495240212506ed3b3ea2
      size: 12172644
    params:
      cp2k.yaml:
        force_eval:
          DFT:
            mgrid:
              cutoff: 1800.0
              rel_cutoff: 120.0
              ngrids: 5
            QS:
              eps_filter_matrix: 0.0
              eps_pgf_orb: 0.0001
            SCF:
              OT:
                minimizer: diis
                preconditioner: full_single_inverse
              outer_scf:
                max_scf: 100
                eps_scf: 1e-06
              scf_guess: restart
              max_scf: 100
              eps_scf: 1e-06
            XC:
              xc_functional:
                becke97:
                  scale_c: 1.0
                  scale_x: 1.0
              vdw_potential:
                pair_potential:
                  type: dftd3(bj)
                  parameter_file_name: dftd3.dat
                  reference_functional: B97-3c
                  r_cutoff: 7.93766
                  calculate_c9_term: true
                  short_range_correction: true
                potential_type: pair_potential
            charge: 0
            basis_set_file_name: GTH_BASIS_SETS
            potential_file_name: GTH_POTENTIALS
          subsys:
            kind:
              N:
                basis_set: TZVP-GTH-q5
                potential: GTH-PBE-q5
              C:
                basis_set: TZVP-GTH-q4
                potential: GTH-PBE-q4
              H:
                basis_set: TZVP-GTH-q1
                potential: GTH-PBE-q1
              B:
                basis_set: TZVP-GTH-q3
                potential: GTH-PBE-q3
              F:
                basis_set: TZVP-GTH-q7
                potential: GTH-PBE-q7
    outs:
    - path: nodes/train_cp2k_6/cp2k
      md5: f1b1ed873fc3d2e3b33baf429ff15ae9.dir
      size: 24533138
      nfiles: 4
    - path: nodes/train_cp2k_6/outputs.db
      md5: 1b5e8954b8a236cd86aa2f3fc27f84e0
      size: 86016
  train_cp2k_5:
    cmd: "python3 -c \"from znlib.atomistic.cp2k import CP2KNode; CP2KNode.load(name='train_cp2k_5').run_and_save()\"\
      \ "
    deps:
    - path: BASIS_SET
      md5: a4d2d2b3cec0beb7cb83ceb29dfdc76a
      size: 193663
    - path: GTH_POTENTIALS
      md5: 3a35b03b26b8ba5cf6c1d849dba11f15
      size: 128982
    - path: nodes/train_atoms_5/atoms.db
      md5: 21724c4305e8777990e83fe9ee075f54
      size: 81920
    - path: nodes/train_cp2k_0/cp2k/cp2k-RESTART.wfn
      md5: 85a3e509a55e495240212506ed3b3ea2
      size: 12172644
    params:
      cp2k.yaml:
        force_eval:
          DFT:
            mgrid:
              cutoff: 1800.0
              rel_cutoff: 120.0
              ngrids: 5
            QS:
              eps_filter_matrix: 0.0
              eps_pgf_orb: 0.0001
            SCF:
              OT:
                minimizer: diis
                preconditioner: full_single_inverse
              outer_scf:
                max_scf: 100
                eps_scf: 1e-06
              scf_guess: restart
              max_scf: 100
              eps_scf: 1e-06
            XC:
              xc_functional:
                becke97:
                  scale_c: 1.0
                  scale_x: 1.0
              vdw_potential:
                pair_potential:
                  type: dftd3(bj)
                  parameter_file_name: dftd3.dat
                  reference_functional: B97-3c
                  r_cutoff: 7.93766
                  calculate_c9_term: true
                  short_range_correction: true
                potential_type: pair_potential
            charge: 0
            basis_set_file_name: GTH_BASIS_SETS
            potential_file_name: GTH_POTENTIALS
          subsys:
            kind:
              N:
                basis_set: TZVP-GTH-q5
                potential: GTH-PBE-q5
              C:
                basis_set: TZVP-GTH-q4
                potential: GTH-PBE-q4
              H:
                basis_set: TZVP-GTH-q1
                potential: GTH-PBE-q1
              B:
                basis_set: TZVP-GTH-q3
                potential: GTH-PBE-q3
              F:
                basis_set: TZVP-GTH-q7
                potential: GTH-PBE-q7
    outs:
    - path: nodes/train_cp2k_5/cp2k
      md5: f24c27d9551861f22e5473a596d102f1.dir
      size: 48982128
      nfiles: 6
    - path: nodes/train_cp2k_5/outputs.db
      md5: f2dab4c9e2a5d183159a06a324cca1fe
      size: 86016
