schema: '2.0'
stages:
  atoms_5:
    cmd: "python3 -c \"from znlib.atomistic.ase import FileToASE; FileToASE.load(name='atoms_5').run_and_save()\"\
      \ "
    deps:
    - path: configurations/005.extxyz
      md5: 5cbd658edfe6765a711bbff7b89fe85e
      size: 541
    params:
      params.yaml:
        atoms_5:
          frames_to_read:
    outs:
    - path: nodes/atoms_5/atoms.db
      md5: 16585c844aca0e3140f72f90caba8352
      size: 69632
  atoms_0:
    cmd: "python3 -c \"from znlib.atomistic.ase import FileToASE; FileToASE.load(name='atoms_0').run_and_save()\"\
      \ "
    deps:
    - path: configurations/000.extxyz
      md5: 65554920cbe7e7424cfe5a204e7918ec
      size: 541
    params:
      params.yaml:
        atoms_0:
          frames_to_read:
    outs:
    - path: nodes/atoms_0/atoms.db
      md5: df4a740f7353bf855d5ab1daba0232c9
      size: 69632
  cp2k_0:
    cmd: "python3 -c \"from znlib.atomistic.cp2k import CP2KNode; CP2KNode.load(name='cp2k_0').run_and_save()\"\
      \ "
    deps:
    - path: BASIS_SET
      md5: a4d2d2b3cec0beb7cb83ceb29dfdc76a
      size: 193663
    - path: GTH_POTENTIALS
      md5: 815fe31a00b78eb588cc61ce5efb0092
      size: 109253
    - path: nodes/atoms_0/atoms.db
      md5: df4a740f7353bf855d5ab1daba0232c9
      size: 69632
    params:
      cp2k.yaml:
        force_eval:
          subsys:
            kind:
              Si:
                element: Si
                basis_set: DZVP-GTH-PADE
                potential: GTH-PADE-q4
          DFT:
            QS:
              eps_default: 1e-10
            mgrid:
              ngrids: 4
              cutoff: 300.0
              rel_cutoff: 60.0
            XC:
              xc_functional:
                _: PADE
            SCF:
              diagonalization:
                _: true
                algorithm: standard
              mixing:
                _: true
                method: broyden_mixing
                alpha: 0.4
                nbuffer: 8
              scf_guess: restart
              eps_scf: 1e-07
              max_scf: 10
            basis_set_file_name: BASIS_SET
            potential_file_name: GTH_POTENTIALS
          method: quickstep
    outs:
    - path: nodes/cp2k_0/cp2k
      md5: 6af85fea453242cd069ba542c869c717.dir
      size: 64658
      nfiles: 3
    - path: nodes/cp2k_0/outputs.db
      md5: 9022eb812d52f3e2cebce1d3c1ec6cea
      size: 69632
  cp2k_5:
    cmd: "python3 -c \"from znlib.atomistic.cp2k import CP2KNode; CP2KNode.load(name='cp2k_5').run_and_save()\"\
      \ "
    deps:
    - path: BASIS_SET
      md5: a4d2d2b3cec0beb7cb83ceb29dfdc76a
      size: 193663
    - path: GTH_POTENTIALS
      md5: 815fe31a00b78eb588cc61ce5efb0092
      size: 109253
    - path: nodes/atoms_5/atoms.db
      md5: 16585c844aca0e3140f72f90caba8352
      size: 69632
    - path: nodes/cp2k_0/cp2k/cp2k-RESTART.wfn
      md5: 67b835a2277e5f7457b6d4b15b0e724a
      size: 14132
    params:
      cp2k.yaml:
        force_eval:
          subsys:
            kind:
              Si:
                element: Si
                basis_set: DZVP-GTH-PADE
                potential: GTH-PADE-q4
          DFT:
            QS:
              eps_default: 1e-10
            mgrid:
              ngrids: 4
              cutoff: 300.0
              rel_cutoff: 60.0
            XC:
              xc_functional:
                _: PADE
            SCF:
              diagonalization:
                _: true
                algorithm: standard
              mixing:
                _: true
                method: broyden_mixing
                alpha: 0.4
                nbuffer: 8
              scf_guess: restart
              eps_scf: 1e-07
              max_scf: 10
            basis_set_file_name: BASIS_SET
            potential_file_name: GTH_POTENTIALS
          method: quickstep
    outs:
    - path: nodes/cp2k_5/cp2k
      md5: 633e90f26e900e3cc87942468db318e0.dir
      size: 75550
      nfiles: 4
    - path: nodes/cp2k_5/outputs.db
      md5: 31e280979411e649224e5d059b72602e
      size: 69632
  atoms_4:
    cmd: "python3 -c \"from znlib.atomistic.ase import FileToASE; FileToASE.load(name='atoms_4').run_and_save()\"\
      \ "
    deps:
    - path: configurations/003.extxyz
      md5: 324395f8e6bb4e3ee6b14cdacaff9f69
      size: 541
    params:
      params.yaml:
        atoms_4:
          frames_to_read:
    outs:
    - path: nodes/atoms_4/atoms.db
      md5: 7d22a67dd584734c08911edb7407a505
      size: 69632
  cp2k_4:
    cmd: "python3 -c \"from znlib.atomistic.cp2k import CP2KNode; CP2KNode.load(name='cp2k_4').run_and_save()\"\
      \ "
    deps:
    - path: BASIS_SET
      md5: a4d2d2b3cec0beb7cb83ceb29dfdc76a
      size: 193663
    - path: GTH_POTENTIALS
      md5: 815fe31a00b78eb588cc61ce5efb0092
      size: 109253
    - path: nodes/atoms_4/atoms.db
      md5: 7d22a67dd584734c08911edb7407a505
      size: 69632
    - path: nodes/cp2k_0/cp2k/cp2k-RESTART.wfn
      md5: 67b835a2277e5f7457b6d4b15b0e724a
      size: 14132
    params:
      cp2k.yaml:
        force_eval:
          subsys:
            kind:
              Si:
                element: Si
                basis_set: DZVP-GTH-PADE
                potential: GTH-PADE-q4
          DFT:
            QS:
              eps_default: 1e-10
            mgrid:
              ngrids: 4
              cutoff: 300.0
              rel_cutoff: 60.0
            XC:
              xc_functional:
                _: PADE
            SCF:
              diagonalization:
                _: true
                algorithm: standard
              mixing:
                _: true
                method: broyden_mixing
                alpha: 0.4
                nbuffer: 8
              scf_guess: restart
              eps_scf: 1e-07
              max_scf: 10
            basis_set_file_name: BASIS_SET
            potential_file_name: GTH_POTENTIALS
          method: quickstep
    outs:
    - path: nodes/cp2k_4/cp2k
      md5: 385c0f5cb5b4c83226315ced8a539863.dir
      size: 75550
      nfiles: 4
    - path: nodes/cp2k_4/outputs.db
      md5: 45f690b5f0d3e88af7325170e66a028f
      size: 69632
  atoms_3:
    cmd: "python3 -c \"from znlib.atomistic.ase import FileToASE; FileToASE.load(name='atoms_3').run_and_save()\"\
      \ "
    deps:
    - path: configurations/004.extxyz
      md5: d420e8d706bcf7037073eb65732311f8
      size: 541
    params:
      params.yaml:
        atoms_3:
          frames_to_read:
    outs:
    - path: nodes/atoms_3/atoms.db
      md5: 298575d3b0f9a256103a22ece438b5a5
      size: 69632
  atoms_1:
    cmd: "python3 -c \"from znlib.atomistic.ase import FileToASE; FileToASE.load(name='atoms_1').run_and_save()\"\
      \ "
    deps:
    - path: configurations/002.extxyz
      md5: eb3164c4d6cf61f0fe0957963d7f6e16
      size: 541
    params:
      params.yaml:
        atoms_1:
          frames_to_read:
    outs:
    - path: nodes/atoms_1/atoms.db
      md5: 45ecea9969219530470b35e0bff86155
      size: 69632
  cp2k_1:
    cmd: "python3 -c \"from znlib.atomistic.cp2k import CP2KNode; CP2KNode.load(name='cp2k_1').run_and_save()\"\
      \ "
    deps:
    - path: BASIS_SET
      md5: a4d2d2b3cec0beb7cb83ceb29dfdc76a
      size: 193663
    - path: GTH_POTENTIALS
      md5: 815fe31a00b78eb588cc61ce5efb0092
      size: 109253
    - path: nodes/atoms_1/atoms.db
      md5: 45ecea9969219530470b35e0bff86155
      size: 69632
    - path: nodes/cp2k_0/cp2k/cp2k-RESTART.wfn
      md5: 67b835a2277e5f7457b6d4b15b0e724a
      size: 14132
    params:
      cp2k.yaml:
        force_eval:
          subsys:
            kind:
              Si:
                element: Si
                basis_set: DZVP-GTH-PADE
                potential: GTH-PADE-q4
          DFT:
            QS:
              eps_default: 1e-10
            mgrid:
              ngrids: 4
              cutoff: 300.0
              rel_cutoff: 60.0
            XC:
              xc_functional:
                _: PADE
            SCF:
              diagonalization:
                _: true
                algorithm: standard
              mixing:
                _: true
                method: broyden_mixing
                alpha: 0.4
                nbuffer: 8
              scf_guess: restart
              eps_scf: 1e-07
              max_scf: 10
            basis_set_file_name: BASIS_SET
            potential_file_name: GTH_POTENTIALS
          method: quickstep
    outs:
    - path: nodes/cp2k_1/cp2k
      md5: 73dc7023df96763ef67f5b33d6513bfb.dir
      size: 75631
      nfiles: 4
    - path: nodes/cp2k_1/outputs.db
      md5: f20cc37811841ffd58711bc3c5029ab5
      size: 69632
  atoms_2:
    cmd: "python3 -c \"from znlib.atomistic.ase import FileToASE; FileToASE.load(name='atoms_2').run_and_save()\"\
      \ "
    deps:
    - path: configurations/001.extxyz
      md5: 350f7a1e0b9ee5993ab4d347c4551126
      size: 541
    params:
      params.yaml:
        atoms_2:
          frames_to_read:
    outs:
    - path: nodes/atoms_2/atoms.db
      md5: ff2c8cdb65d9900b98c1e286e7dbc9a8
      size: 69632
  cp2k_3:
    cmd: "python3 -c \"from znlib.atomistic.cp2k import CP2KNode; CP2KNode.load(name='cp2k_3').run_and_save()\"\
      \ "
    deps:
    - path: BASIS_SET
      md5: a4d2d2b3cec0beb7cb83ceb29dfdc76a
      size: 193663
    - path: GTH_POTENTIALS
      md5: 815fe31a00b78eb588cc61ce5efb0092
      size: 109253
    - path: nodes/atoms_3/atoms.db
      md5: 298575d3b0f9a256103a22ece438b5a5
      size: 69632
    - path: nodes/cp2k_0/cp2k/cp2k-RESTART.wfn
      md5: 67b835a2277e5f7457b6d4b15b0e724a
      size: 14132
    params:
      cp2k.yaml:
        force_eval:
          subsys:
            kind:
              Si:
                element: Si
                basis_set: DZVP-GTH-PADE
                potential: GTH-PADE-q4
          DFT:
            QS:
              eps_default: 1e-10
            mgrid:
              ngrids: 4
              cutoff: 300.0
              rel_cutoff: 60.0
            XC:
              xc_functional:
                _: PADE
            SCF:
              diagonalization:
                _: true
                algorithm: standard
              mixing:
                _: true
                method: broyden_mixing
                alpha: 0.4
                nbuffer: 8
              scf_guess: restart
              eps_scf: 1e-07
              max_scf: 10
            basis_set_file_name: BASIS_SET
            potential_file_name: GTH_POTENTIALS
          method: quickstep
    outs:
    - path: nodes/cp2k_3/cp2k
      md5: 2b74333d77dc9e8f573367d46882959a.dir
      size: 75550
      nfiles: 4
    - path: nodes/cp2k_3/outputs.db
      md5: 0eb9917079927cebc3a172dc814d6e0b
      size: 69632
  cp2k_2:
    cmd: "python3 -c \"from znlib.atomistic.cp2k import CP2KNode; CP2KNode.load(name='cp2k_2').run_and_save()\"\
      \ "
    deps:
    - path: BASIS_SET
      md5: a4d2d2b3cec0beb7cb83ceb29dfdc76a
      size: 193663
    - path: GTH_POTENTIALS
      md5: 815fe31a00b78eb588cc61ce5efb0092
      size: 109253
    - path: nodes/atoms_2/atoms.db
      md5: ff2c8cdb65d9900b98c1e286e7dbc9a8
      size: 69632
    - path: nodes/cp2k_0/cp2k/cp2k-RESTART.wfn
      md5: 67b835a2277e5f7457b6d4b15b0e724a
      size: 14132
    params:
      cp2k.yaml:
        force_eval:
          subsys:
            kind:
              Si:
                element: Si
                basis_set: DZVP-GTH-PADE
                potential: GTH-PADE-q4
          DFT:
            QS:
              eps_default: 1e-10
            mgrid:
              ngrids: 4
              cutoff: 300.0
              rel_cutoff: 60.0
            XC:
              xc_functional:
                _: PADE
            SCF:
              diagonalization:
                _: true
                algorithm: standard
              mixing:
                _: true
                method: broyden_mixing
                alpha: 0.4
                nbuffer: 8
              scf_guess: restart
              eps_scf: 1e-07
              max_scf: 10
            basis_set_file_name: BASIS_SET
            potential_file_name: GTH_POTENTIALS
          method: quickstep
    outs:
    - path: nodes/cp2k_2/cp2k
      md5: b5752b0d4522ac0e6ccc9751ef55f195.dir
      size: 75712
      nfiles: 4
    - path: nodes/cp2k_2/outputs.db
      md5: 1bce33ee1e2d5ec76a00834f2bd9d59d
      size: 69632
